
Microsoft Visual Studio Solution File, Format Version 12.00
# Visual Studio Version 17
VisualStudioVersion = 17.5.002.0
MinimumVisualStudioVersion = 10.0.40219.1
Project("{9A19103F-16F7-4668-BE54-9A1E7A4F7556}") = "Trebuchet", "Trebuchet.csproj", "{EEE3D04D-2CA6-48BA-A6BA-E631A35FBD26}"
EndProject
Global
	GlobalSection(SolutionConfigurationPlatforms) = preSolution
		Debug|Any CPU = Debug|Any CPU
		Release|Any CPU = Release|Any CPU
	EndGlobalSection
	GlobalSection(ProjectConfigurationPlatforms) = postSolution
		{EEE3D04D-2CA6-48BA-A6BA-E631A35FBD26}.Debug|Any CPU.ActiveCfg = Debug|Any CPU
		{EEE3D04D-2CA6-48BA-A6BA-E631A35FBD26}.Debug|Any CPU.Build.0 = Debug|Any CPU
		{EEE3D04D-2CA6-48BA-A6BA-E631A35FBD26}.Release|Any CPU.ActiveCfg = Release|Any CPU
		{EEE3D04D-2CA6-48BA-A6BA-E631A35FBD26}.Release|Any CPU.Build.0 = Release|Any CPU
	EndGlobalSection
	GlobalSection(SolutionProperties) = preSolution
		HideSolutionNode = FALSE
	EndGlobalSection
	GlobalSection(ExtensibilityGlobals) = postSolution
		SolutionGuid = {E68CACDD-5187-41C3-9A73-96348F089BB3}
	EndGlobalSection
EndGlobal
