
Microsoft Visual Studio Solution File, Format Version 12.00
Project("{FAE04EC0-301F-11D3-BF4B-00C04F79EFBC}") = "AdventOfCode2022", "AdventOfCode2022\AdventOfCode2022.csproj", "{5C5F6088-A9F7-4EBC-BDB6-033275B06595}"
EndProject
Global
	GlobalSection(SolutionConfigurationPlatforms) = preSolution
		Debug|Any CPU = Debug|Any CPU
		Release|Any CPU = Release|Any CPU
	EndGlobalSection
	GlobalSection(ProjectConfigurationPlatforms) = postSolution
		{5C5F6088-A9F7-4EBC-BDB6-033275B06595}.Debug|Any CPU.ActiveCfg = Debug|Any CPU
		{5C5F6088-A9F7-4EBC-BDB6-033275B06595}.Debug|Any CPU.Build.0 = Debug|Any CPU
		{5C5F6088-A9F7-4EBC-BDB6-033275B06595}.Release|Any CPU.ActiveCfg = Release|Any CPU
		{5C5F6088-A9F7-4EBC-BDB6-033275B06595}.Release|Any CPU.Build.0 = Release|Any CPU
	EndGlobalSection
EndGlobal
